
Microsoft Visual Studio Solution File, Format Version 12.00
# Visual Studio Version 17
VisualStudioVersion = 17.12.35527.113 d17.12
MinimumVisualStudioVersion = 10.0.40219.1
Project("{FAE04EC0-301F-11D3-BF4B-00C04F79EFBC}") = "quiz_web.Server", "quiz_web.Server\quiz_web.Server.csproj", "{A5980C7A-1696-4752-AC0B-D272FB595E9C}"
EndProject
Project("{54A90642-561A-4BB1-A94E-469ADEE60C69}") = "quiz_web.client", "quiz_web.client\quiz_web.client.esproj", "{C390C9C6-53A9-4831-A7ED-72F6EAE0DA51}"
EndProject
Global
	GlobalSection(SolutionConfigurationPlatforms) = preSolution
		Debug|Any CPU = Debug|Any CPU
		Release|Any CPU = Release|Any CPU
	EndGlobalSection
	GlobalSection(ProjectConfigurationPlatforms) = postSolution
		{A5980C7A-1696-4752-AC0B-D272FB595E9C}.Debug|Any CPU.ActiveCfg = Debug|Any CPU
		{A5980C7A-1696-4752-AC0B-D272FB595E9C}.Debug|Any CPU.Build.0 = Debug|Any CPU
		{A5980C7A-1696-4752-AC0B-D272FB595E9C}.Release|Any CPU.ActiveCfg = Release|Any CPU
		{A5980C7A-1696-4752-AC0B-D272FB595E9C}.Release|Any CPU.Build.0 = Release|Any CPU
		{C390C9C6-53A9-4831-A7ED-72F6EAE0DA51}.Debug|Any CPU.ActiveCfg = Debug|Any CPU
		{C390C9C6-53A9-4831-A7ED-72F6EAE0DA51}.Debug|Any CPU.Build.0 = Debug|Any CPU
		{C390C9C6-53A9-4831-A7ED-72F6EAE0DA51}.Debug|Any CPU.Deploy.0 = Debug|Any CPU
		{C390C9C6-53A9-4831-A7ED-72F6EAE0DA51}.Release|Any CPU.ActiveCfg = Release|Any CPU
		{C390C9C6-53A9-4831-A7ED-72F6EAE0DA51}.Release|Any CPU.Build.0 = Release|Any CPU
		{C390C9C6-53A9-4831-A7ED-72F6EAE0DA51}.Release|Any CPU.Deploy.0 = Release|Any CPU
	EndGlobalSection
	GlobalSection(SolutionProperties) = preSolution
		HideSolutionNode = FALSE
	EndGlobalSection
EndGlobal
